
Microsoft Visual Studio Solution File, Format Version 12.00
# Visual Studio Version 17
VisualStudioVersion = 17.7.34031.279
MinimumVisualStudioVersion = 10.0.40219.1
Project("{FAE04EC0-301F-11D3-BF4B-00C04F79EFBC}") = "task05_11_ado", "task05_11_ado\task05_11_ado.csproj", "{634D3420-3426-485F-ADDE-1DD2F34CE36B}"
EndProject
Global
	GlobalSection(SolutionConfigurationPlatforms) = preSolution
		Debug|Any CPU = Debug|Any CPU
		Release|Any CPU = Release|Any CPU
	EndGlobalSection
	GlobalSection(ProjectConfigurationPlatforms) = postSolution
		{634D3420-3426-485F-ADDE-1DD2F34CE36B}.Debug|Any CPU.ActiveCfg = Debug|Any CPU
		{634D3420-3426-485F-ADDE-1DD2F34CE36B}.Debug|Any CPU.Build.0 = Debug|Any CPU
		{634D3420-3426-485F-ADDE-1DD2F34CE36B}.Release|Any CPU.ActiveCfg = Release|Any CPU
		{634D3420-3426-485F-ADDE-1DD2F34CE36B}.Release|Any CPU.Build.0 = Release|Any CPU
	EndGlobalSection
	GlobalSection(SolutionProperties) = preSolution
		HideSolutionNode = FALSE
	EndGlobalSection
	GlobalSection(ExtensibilityGlobals) = postSolution
		SolutionGuid = {87A2F816-945E-4786-8234-E7D886A470B9}
	EndGlobalSection
EndGlobal
